
Microsoft Visual Studio Solution File, Format Version 12.00
# Visual Studio Version 17
VisualStudioVersion = 17.10.35013.160
MinimumVisualStudioVersion = 10.0.40219.1
Project("{9A19103F-16F7-4668-BE54-9A1E7A4F7556}") = "WpfPlayground.SampleApplication", "WpfPlayground.SampleApplication\WpfPlayground.SampleApplication.csproj", "{F99F9A62-4BED-4E7C-A2D9-F467059A5BD9}"
EndProject
Project("{9A19103F-16F7-4668-BE54-9A1E7A4F7556}") = "WpfPlayground.Plugin1", "WpfPlayground.Plugin1\WpfPlayground.Plugin1.csproj", "{702C3FF8-52C6-409E-BCF5-E4938C896500}"
EndProject
Project("{9A19103F-16F7-4668-BE54-9A1E7A4F7556}") = "WpfPlayground.Sdk", "WpfPlayground.Sdk\WpfPlayground.Sdk.csproj", "{A85D471F-AFD2-43F6-AEB6-AC97B0071EEF}"
EndProject
Project("{FAE04EC0-301F-11D3-BF4B-00C04F79EFBC}") = "ConsoleApp", "ConsoleApp\ConsoleApp.csproj", "{D331128F-6196-4E1E-A790-FCC908E790CD}"
EndProject
Global
	GlobalSection(SolutionConfigurationPlatforms) = preSolution
		Debug|Any CPU = Debug|Any CPU
		Release|Any CPU = Release|Any CPU
	EndGlobalSection
	GlobalSection(ProjectConfigurationPlatforms) = postSolution
		{F99F9A62-4BED-4E7C-A2D9-F467059A5BD9}.Debug|Any CPU.ActiveCfg = Debug|Any CPU
		{F99F9A62-4BED-4E7C-A2D9-F467059A5BD9}.Debug|Any CPU.Build.0 = Debug|Any CPU
		{F99F9A62-4BED-4E7C-A2D9-F467059A5BD9}.Release|Any CPU.ActiveCfg = Release|Any CPU
		{F99F9A62-4BED-4E7C-A2D9-F467059A5BD9}.Release|Any CPU.Build.0 = Release|Any CPU
		{702C3FF8-52C6-409E-BCF5-E4938C896500}.Debug|Any CPU.ActiveCfg = Debug|Any CPU
		{702C3FF8-52C6-409E-BCF5-E4938C896500}.Debug|Any CPU.Build.0 = Debug|Any CPU
		{702C3FF8-52C6-409E-BCF5-E4938C896500}.Release|Any CPU.ActiveCfg = Release|Any CPU
		{702C3FF8-52C6-409E-BCF5-E4938C896500}.Release|Any CPU.Build.0 = Release|Any CPU
		{A85D471F-AFD2-43F6-AEB6-AC97B0071EEF}.Debug|Any CPU.ActiveCfg = Debug|Any CPU
		{A85D471F-AFD2-43F6-AEB6-AC97B0071EEF}.Debug|Any CPU.Build.0 = Debug|Any CPU
		{A85D471F-AFD2-43F6-AEB6-AC97B0071EEF}.Release|Any CPU.ActiveCfg = Release|Any CPU
		{A85D471F-AFD2-43F6-AEB6-AC97B0071EEF}.Release|Any CPU.Build.0 = Release|Any CPU
		{D331128F-6196-4E1E-A790-FCC908E790CD}.Debug|Any CPU.ActiveCfg = Debug|Any CPU
		{D331128F-6196-4E1E-A790-FCC908E790CD}.Debug|Any CPU.Build.0 = Debug|Any CPU
		{D331128F-6196-4E1E-A790-FCC908E790CD}.Release|Any CPU.ActiveCfg = Release|Any CPU
		{D331128F-6196-4E1E-A790-FCC908E790CD}.Release|Any CPU.Build.0 = Release|Any CPU
	EndGlobalSection
	GlobalSection(SolutionProperties) = preSolution
		HideSolutionNode = FALSE
	EndGlobalSection
	GlobalSection(ExtensibilityGlobals) = postSolution
		SolutionGuid = {5FF8D28A-2EE5-487F-AFF5-228130FA6DCB}
	EndGlobalSection
EndGlobal
